
Microsoft Visual Studio Solution File, Format Version 12.00
# Visual Studio Version 16
VisualStudioVersion = 16.0.30320.27
MinimumVisualStudioVersion = 10.0.40219.1
Project("{E24C65DC-7377-472B-9ABA-BC803B73C61A}") = "pra4_3", "pra4_3\", "{49B43FD4-404E-49AF-B557-442F91A3B784}"
	ProjectSection(WebsiteProperties) = preProject
		TargetFrameworkMoniker = ".NETFramework,Version%3Dv4.7.2"
		Debug.AspNetCompiler.VirtualPath = "/localhost_21796"
		Debug.AspNetCompiler.PhysicalPath = "pra4_3\"
		Debug.AspNetCompiler.TargetPath = "PrecompiledWeb\localhost_21796\"
		Debug.AspNetCompiler.Updateable = "true"
		Debug.AspNetCompiler.ForceOverwrite = "true"
		Debug.AspNetCompiler.FixedNames = "false"
		Debug.AspNetCompiler.Debug = "True"
		Release.AspNetCompiler.VirtualPath = "/localhost_21796"
		Release.AspNetCompiler.PhysicalPath = "pra4_3\"
		Release.AspNetCompiler.TargetPath = "PrecompiledWeb\localhost_21796\"
		Release.AspNetCompiler.Updateable = "true"
		Release.AspNetCompiler.ForceOverwrite = "true"
		Release.AspNetCompiler.FixedNames = "false"
		Release.AspNetCompiler.Debug = "False"
		VWDPort = "21796"
		SlnRelativePath = "pra4_3\"
		DefaultWebSiteLanguage = "Visual C#"
	EndProjectSection
EndProject
Global
	GlobalSection(SolutionConfigurationPlatforms) = preSolution
		Debug|Any CPU = Debug|Any CPU
	EndGlobalSection
	GlobalSection(ProjectConfigurationPlatforms) = postSolution
		{49B43FD4-404E-49AF-B557-442F91A3B784}.Debug|Any CPU.ActiveCfg = Debug|Any CPU
		{49B43FD4-404E-49AF-B557-442F91A3B784}.Debug|Any CPU.Build.0 = Debug|Any CPU
	EndGlobalSection
	GlobalSection(SolutionProperties) = preSolution
		HideSolutionNode = FALSE
	EndGlobalSection
	GlobalSection(ExtensibilityGlobals) = postSolution
		SolutionGuid = {261099BA-5886-4D38-89AD-A71590ACAEEA}
	EndGlobalSection
EndGlobal
