
Microsoft Visual Studio Solution File, Format Version 12.00
# Visual Studio Version 16
VisualStudioVersion = 16.0.30320.27
MinimumVisualStudioVersion = 10.0.40219.1
Project("{E24C65DC-7377-472B-9ABA-BC803B73C61A}") = "pra4_4", "pra4_4\", "{EA5F3F20-D54F-4147-AF59-836A70636AE6}"
	ProjectSection(WebsiteProperties) = preProject
		TargetFrameworkMoniker = ".NETFramework,Version%3Dv4.7.2"
		Debug.AspNetCompiler.VirtualPath = "/localhost_1037"
		Debug.AspNetCompiler.PhysicalPath = "pra4_4\"
		Debug.AspNetCompiler.TargetPath = "PrecompiledWeb\localhost_1037\"
		Debug.AspNetCompiler.Updateable = "true"
		Debug.AspNetCompiler.ForceOverwrite = "true"
		Debug.AspNetCompiler.FixedNames = "false"
		Debug.AspNetCompiler.Debug = "True"
		Release.AspNetCompiler.VirtualPath = "/localhost_1037"
		Release.AspNetCompiler.PhysicalPath = "pra4_4\"
		Release.AspNetCompiler.TargetPath = "PrecompiledWeb\localhost_1037\"
		Release.AspNetCompiler.Updateable = "true"
		Release.AspNetCompiler.ForceOverwrite = "true"
		Release.AspNetCompiler.FixedNames = "false"
		Release.AspNetCompiler.Debug = "False"
		VWDPort = "1037"
		SlnRelativePath = "pra4_4\"
		DefaultWebSiteLanguage = "Visual C#"
	EndProjectSection
EndProject
Global
	GlobalSection(SolutionConfigurationPlatforms) = preSolution
		Debug|Any CPU = Debug|Any CPU
	EndGlobalSection
	GlobalSection(ProjectConfigurationPlatforms) = postSolution
		{EA5F3F20-D54F-4147-AF59-836A70636AE6}.Debug|Any CPU.ActiveCfg = Debug|Any CPU
		{EA5F3F20-D54F-4147-AF59-836A70636AE6}.Debug|Any CPU.Build.0 = Debug|Any CPU
	EndGlobalSection
	GlobalSection(SolutionProperties) = preSolution
		HideSolutionNode = FALSE
	EndGlobalSection
	GlobalSection(ExtensibilityGlobals) = postSolution
		SolutionGuid = {48C822FA-477F-4247-BA83-DC2D3CEE3CC7}
	EndGlobalSection
EndGlobal
