
Microsoft Visual Studio Solution File, Format Version 12.00
# Visual Studio Version 16
VisualStudioVersion = 16.0.30413.136
MinimumVisualStudioVersion = 10.0.40219.1
Project("{E24C65DC-7377-472B-9ABA-BC803B73C61A}") = "pra5.3", "pra5.3\", "{9EE6B393-1EAA-4343-88BC-8471793487DE}"
	ProjectSection(WebsiteProperties) = preProject
		TargetFrameworkMoniker = ".NETFramework,Version%3Dv4.7.2"
		Debug.AspNetCompiler.VirtualPath = "/localhost_12919"
		Debug.AspNetCompiler.PhysicalPath = "pra5.3\"
		Debug.AspNetCompiler.TargetPath = "PrecompiledWeb\localhost_12919\"
		Debug.AspNetCompiler.Updateable = "true"
		Debug.AspNetCompiler.ForceOverwrite = "true"
		Debug.AspNetCompiler.FixedNames = "false"
		Debug.AspNetCompiler.Debug = "True"
		Release.AspNetCompiler.VirtualPath = "/localhost_12919"
		Release.AspNetCompiler.PhysicalPath = "pra5.3\"
		Release.AspNetCompiler.TargetPath = "PrecompiledWeb\localhost_12919\"
		Release.AspNetCompiler.Updateable = "true"
		Release.AspNetCompiler.ForceOverwrite = "true"
		Release.AspNetCompiler.FixedNames = "false"
		Release.AspNetCompiler.Debug = "False"
		VWDPort = "12919"
		SlnRelativePath = "pra5.3\"
		DefaultWebSiteLanguage = "Visual C#"
	EndProjectSection
EndProject
Global
	GlobalSection(SolutionConfigurationPlatforms) = preSolution
		Debug|Any CPU = Debug|Any CPU
	EndGlobalSection
	GlobalSection(ProjectConfigurationPlatforms) = postSolution
		{9EE6B393-1EAA-4343-88BC-8471793487DE}.Debug|Any CPU.ActiveCfg = Debug|Any CPU
		{9EE6B393-1EAA-4343-88BC-8471793487DE}.Debug|Any CPU.Build.0 = Debug|Any CPU
	EndGlobalSection
	GlobalSection(SolutionProperties) = preSolution
		HideSolutionNode = FALSE
	EndGlobalSection
	GlobalSection(ExtensibilityGlobals) = postSolution
		SolutionGuid = {BC985405-E25A-4302-A298-C079061A1BE2}
	EndGlobalSection
EndGlobal
