
Microsoft Visual Studio Solution File, Format Version 12.00
# Visual Studio Version 16
VisualStudioVersion = 16.0.30320.27
MinimumVisualStudioVersion = 10.0.40219.1
Project("{E24C65DC-7377-472B-9ABA-BC803B73C61A}") = "pra5_1", "pra5_1\", "{C6959E3A-70A4-458D-BA5E-51D22698C534}"
	ProjectSection(WebsiteProperties) = preProject
		TargetFrameworkMoniker = ".NETFramework,Version%3Dv4.7.2"
		Debug.AspNetCompiler.VirtualPath = "/localhost_13691"
		Debug.AspNetCompiler.PhysicalPath = "pra5_1\"
		Debug.AspNetCompiler.TargetPath = "PrecompiledWeb\localhost_13691\"
		Debug.AspNetCompiler.Updateable = "true"
		Debug.AspNetCompiler.ForceOverwrite = "true"
		Debug.AspNetCompiler.FixedNames = "false"
		Debug.AspNetCompiler.Debug = "True"
		Release.AspNetCompiler.VirtualPath = "/localhost_13691"
		Release.AspNetCompiler.PhysicalPath = "pra5_1\"
		Release.AspNetCompiler.TargetPath = "PrecompiledWeb\localhost_13691\"
		Release.AspNetCompiler.Updateable = "true"
		Release.AspNetCompiler.ForceOverwrite = "true"
		Release.AspNetCompiler.FixedNames = "false"
		Release.AspNetCompiler.Debug = "False"
		VWDPort = "13691"
		SlnRelativePath = "pra5_1\"
		DefaultWebSiteLanguage = "Visual C#"
	EndProjectSection
EndProject
Global
	GlobalSection(SolutionConfigurationPlatforms) = preSolution
		Debug|Any CPU = Debug|Any CPU
	EndGlobalSection
	GlobalSection(ProjectConfigurationPlatforms) = postSolution
		{C6959E3A-70A4-458D-BA5E-51D22698C534}.Debug|Any CPU.ActiveCfg = Debug|Any CPU
		{C6959E3A-70A4-458D-BA5E-51D22698C534}.Debug|Any CPU.Build.0 = Debug|Any CPU
	EndGlobalSection
	GlobalSection(SolutionProperties) = preSolution
		HideSolutionNode = FALSE
	EndGlobalSection
	GlobalSection(ExtensibilityGlobals) = postSolution
		SolutionGuid = {36A0E51C-0104-45BA-938E-E59BFB4CF7EA}
	EndGlobalSection
EndGlobal
