
Microsoft Visual Studio Solution File, Format Version 12.00
# Visual Studio Version 16
VisualStudioVersion = 16.0.30611.23
MinimumVisualStudioVersion = 10.0.40219.1
Project("{E24C65DC-7377-472B-9ABA-BC803B73C61A}") = "pra6.10", "pra6.10\", "{4000B7D1-043A-45D4-9023-A6916BE3B7F2}"
	ProjectSection(WebsiteProperties) = preProject
		TargetFrameworkMoniker = ".NETFramework,Version%3Dv4.7.2"
		Debug.AspNetCompiler.VirtualPath = "/localhost_8356"
		Debug.AspNetCompiler.PhysicalPath = "pra6.10\"
		Debug.AspNetCompiler.TargetPath = "PrecompiledWeb\localhost_8356\"
		Debug.AspNetCompiler.Updateable = "true"
		Debug.AspNetCompiler.ForceOverwrite = "true"
		Debug.AspNetCompiler.FixedNames = "false"
		Debug.AspNetCompiler.Debug = "True"
		Release.AspNetCompiler.VirtualPath = "/localhost_8356"
		Release.AspNetCompiler.PhysicalPath = "pra6.10\"
		Release.AspNetCompiler.TargetPath = "PrecompiledWeb\localhost_8356\"
		Release.AspNetCompiler.Updateable = "true"
		Release.AspNetCompiler.ForceOverwrite = "true"
		Release.AspNetCompiler.FixedNames = "false"
		Release.AspNetCompiler.Debug = "False"
		VWDPort = "8356"
		SlnRelativePath = "pra6.10\"
		DefaultWebSiteLanguage = "Visual C#"
	EndProjectSection
EndProject
Global
	GlobalSection(SolutionConfigurationPlatforms) = preSolution
		Debug|Any CPU = Debug|Any CPU
	EndGlobalSection
	GlobalSection(ProjectConfigurationPlatforms) = postSolution
		{4000B7D1-043A-45D4-9023-A6916BE3B7F2}.Debug|Any CPU.ActiveCfg = Debug|Any CPU
		{4000B7D1-043A-45D4-9023-A6916BE3B7F2}.Debug|Any CPU.Build.0 = Debug|Any CPU
	EndGlobalSection
	GlobalSection(SolutionProperties) = preSolution
		HideSolutionNode = FALSE
	EndGlobalSection
	GlobalSection(ExtensibilityGlobals) = postSolution
		SolutionGuid = {7B1C8FD9-B1F5-4486-B02B-4744D44CEEE4}
	EndGlobalSection
EndGlobal
