
Microsoft Visual Studio Solution File, Format Version 12.00
# Visual Studio Version 16
VisualStudioVersion = 16.0.30320.27
MinimumVisualStudioVersion = 10.0.40219.1
Project("{E24C65DC-7377-472B-9ABA-BC803B73C61A}") = "assignment (4)", "assignment (4)\", "{9322793F-4ACE-4C83-B6B6-663250C9C4AC}"
	ProjectSection(WebsiteProperties) = preProject
		TargetFrameworkMoniker = ".NETFramework,Version%3Dv4.7.2"
		Debug.AspNetCompiler.VirtualPath = "/localhost_50904"
		Debug.AspNetCompiler.PhysicalPath = "assignment (4)\"
		Debug.AspNetCompiler.TargetPath = "PrecompiledWeb\localhost_50904\"
		Debug.AspNetCompiler.Updateable = "true"
		Debug.AspNetCompiler.ForceOverwrite = "true"
		Debug.AspNetCompiler.FixedNames = "false"
		Debug.AspNetCompiler.Debug = "True"
		Release.AspNetCompiler.VirtualPath = "/localhost_50904"
		Release.AspNetCompiler.PhysicalPath = "assignment (4)\"
		Release.AspNetCompiler.TargetPath = "PrecompiledWeb\localhost_50904\"
		Release.AspNetCompiler.Updateable = "true"
		Release.AspNetCompiler.ForceOverwrite = "true"
		Release.AspNetCompiler.FixedNames = "false"
		Release.AspNetCompiler.Debug = "False"
		VWDPort = "50904"
		SlnRelativePath = "assignment (4)\"
		DefaultWebSiteLanguage = "Visual C#"
	EndProjectSection
EndProject
Global
	GlobalSection(SolutionConfigurationPlatforms) = preSolution
		Debug|Any CPU = Debug|Any CPU
	EndGlobalSection
	GlobalSection(ProjectConfigurationPlatforms) = postSolution
		{9322793F-4ACE-4C83-B6B6-663250C9C4AC}.Debug|Any CPU.ActiveCfg = Debug|Any CPU
		{9322793F-4ACE-4C83-B6B6-663250C9C4AC}.Debug|Any CPU.Build.0 = Debug|Any CPU
	EndGlobalSection
	GlobalSection(SolutionProperties) = preSolution
		HideSolutionNode = FALSE
	EndGlobalSection
	GlobalSection(ExtensibilityGlobals) = postSolution
		SolutionGuid = {E43870E7-6445-487A-BCF6-12097262E83D}
	EndGlobalSection
EndGlobal
