
Microsoft Visual Studio Solution File, Format Version 12.00
# Visual Studio Version 16
VisualStudioVersion = 16.0.30320.27
MinimumVisualStudioVersion = 10.0.40219.1
Project("{E24C65DC-7377-472B-9ABA-BC803B73C61A}") = "WebSite10", "WebSite10\", "{94A76B64-86BE-4F29-85FA-FDE819A5E099}"
	ProjectSection(WebsiteProperties) = preProject
		TargetFrameworkMoniker = ".NETFramework,Version%3Dv4.7.2"
		Debug.AspNetCompiler.VirtualPath = "/localhost_18157"
		Debug.AspNetCompiler.PhysicalPath = "WebSite10\"
		Debug.AspNetCompiler.TargetPath = "PrecompiledWeb\localhost_18157\"
		Debug.AspNetCompiler.Updateable = "true"
		Debug.AspNetCompiler.ForceOverwrite = "true"
		Debug.AspNetCompiler.FixedNames = "false"
		Debug.AspNetCompiler.Debug = "True"
		Release.AspNetCompiler.VirtualPath = "/localhost_18157"
		Release.AspNetCompiler.PhysicalPath = "WebSite10\"
		Release.AspNetCompiler.TargetPath = "PrecompiledWeb\localhost_18157\"
		Release.AspNetCompiler.Updateable = "true"
		Release.AspNetCompiler.ForceOverwrite = "true"
		Release.AspNetCompiler.FixedNames = "false"
		Release.AspNetCompiler.Debug = "False"
		VWDPort = "18157"
		SlnRelativePath = "WebSite10\"
		DefaultWebSiteLanguage = "Visual C#"
	EndProjectSection
EndProject
Global
	GlobalSection(SolutionConfigurationPlatforms) = preSolution
		Debug|Any CPU = Debug|Any CPU
	EndGlobalSection
	GlobalSection(ProjectConfigurationPlatforms) = postSolution
		{94A76B64-86BE-4F29-85FA-FDE819A5E099}.Debug|Any CPU.ActiveCfg = Debug|Any CPU
		{94A76B64-86BE-4F29-85FA-FDE819A5E099}.Debug|Any CPU.Build.0 = Debug|Any CPU
	EndGlobalSection
	GlobalSection(SolutionProperties) = preSolution
		HideSolutionNode = FALSE
	EndGlobalSection
	GlobalSection(ExtensibilityGlobals) = postSolution
		SolutionGuid = {6E9608CF-F3B5-461E-8BEC-9EC85063C3CD}
	EndGlobalSection
EndGlobal
