
Microsoft Visual Studio Solution File, Format Version 12.00
# Visual Studio Version 16
VisualStudioVersion = 16.0.30517.126
MinimumVisualStudioVersion = 10.0.40219.1
Project("{E24C65DC-7377-472B-9ABA-BC803B73C61A}") = "pra6.2a", "pra6.2a\", "{7D147150-0478-4D60-83D7-67E220D8E314}"
	ProjectSection(WebsiteProperties) = preProject
		TargetFrameworkMoniker = ".NETFramework,Version%3Dv4.7.2"
		Debug.AspNetCompiler.VirtualPath = "/localhost_53701"
		Debug.AspNetCompiler.PhysicalPath = "pra6.2a\"
		Debug.AspNetCompiler.TargetPath = "PrecompiledWeb\localhost_53701\"
		Debug.AspNetCompiler.Updateable = "true"
		Debug.AspNetCompiler.ForceOverwrite = "true"
		Debug.AspNetCompiler.FixedNames = "false"
		Debug.AspNetCompiler.Debug = "True"
		Release.AspNetCompiler.VirtualPath = "/localhost_53701"
		Release.AspNetCompiler.PhysicalPath = "pra6.2a\"
		Release.AspNetCompiler.TargetPath = "PrecompiledWeb\localhost_53701\"
		Release.AspNetCompiler.Updateable = "true"
		Release.AspNetCompiler.ForceOverwrite = "true"
		Release.AspNetCompiler.FixedNames = "false"
		Release.AspNetCompiler.Debug = "False"
		VWDPort = "53701"
		SlnRelativePath = "pra6.2a\"
		DefaultWebSiteLanguage = "Visual C#"
	EndProjectSection
EndProject
Global
	GlobalSection(SolutionConfigurationPlatforms) = preSolution
		Debug|Any CPU = Debug|Any CPU
	EndGlobalSection
	GlobalSection(ProjectConfigurationPlatforms) = postSolution
		{7D147150-0478-4D60-83D7-67E220D8E314}.Debug|Any CPU.ActiveCfg = Debug|Any CPU
		{7D147150-0478-4D60-83D7-67E220D8E314}.Debug|Any CPU.Build.0 = Debug|Any CPU
	EndGlobalSection
	GlobalSection(SolutionProperties) = preSolution
		HideSolutionNode = FALSE
	EndGlobalSection
	GlobalSection(ExtensibilityGlobals) = postSolution
		SolutionGuid = {0B342C0A-B923-4AA0-8B5B-E1143C75813E}
	EndGlobalSection
EndGlobal
